
Microsoft Visual Studio Solution File, Format Version 12.00
# Visual Studio Version 17
VisualStudioVersion = 17.7.34031.279
MinimumVisualStudioVersion = 10.0.40219.1
Project("{FAE04EC0-301F-11D3-BF4B-00C04F79EFBC}") = "git-branching", "git-branching.csproj", "{7914243F-1246-4A44-B16D-DA95EB2A138E}"
EndProject
Global
	GlobalSection(SolutionConfigurationPlatforms) = preSolution
		Debug|Any CPU = Debug|Any CPU
		Release|Any CPU = Release|Any CPU
	EndGlobalSection
	GlobalSection(ProjectConfigurationPlatforms) = postSolution
		{7914243F-1246-4A44-B16D-DA95EB2A138E}.Debug|Any CPU.ActiveCfg = Debug|Any CPU
		{7914243F-1246-4A44-B16D-DA95EB2A138E}.Debug|Any CPU.Build.0 = Debug|Any CPU
		{7914243F-1246-4A44-B16D-DA95EB2A138E}.Release|Any CPU.ActiveCfg = Release|Any CPU
		{7914243F-1246-4A44-B16D-DA95EB2A138E}.Release|Any CPU.Build.0 = Release|Any CPU
	EndGlobalSection
	GlobalSection(SolutionProperties) = preSolution
		HideSolutionNode = FALSE
	EndGlobalSection
	GlobalSection(ExtensibilityGlobals) = postSolution
		SolutionGuid = {A3ABB1B3-32B7-4F58-AC3C-CE41B5246D91}
	EndGlobalSection
EndGlobal
